# @generated - this file is auto-generated by `mise lock` https://mise.jdx.dev/dev-tools/mise-lock.html

[[tools.ansible]]
version = "14.3.1"
backend = "pipx:ansible"

[tools.ansible.options]
pipx_args = "--include-deps"
uvx = "false"

[[tools.pipx]]
version = "1.16.7"
backend = "aqua:pypa/pipx"

[[tools.terraform]]
version = "1.16.0"
backend = "aqua:hashicorp/terraform"
